
Microsoft Visual Studio Solution File, Format Version 12.00
# Visual Studio Version 17
VisualStudioVersion = 17.7.34031.279
MinimumVisualStudioVersion = 10.0.40219.1
Project("{9A19103F-16F7-4668-BE54-9A1E7A4F7556}") = "PomodoroTimerApp", "PomodoroTimerApp.csproj", "{C43009BA-CD22-4EA5-A873-F87CA2A65F2A}"
EndProject
Project("{54435603-DBB4-11D2-8724-00A0C9A8B90C}") = "ReleaseInstallerSetup_PomoApp", "..\ReleaseInstallerSetup_PomoApp\ReleaseInstallerSetup_PomoApp.vdproj", "{7F43ACC6-307B-4BE3-A135-7B071EF07FD4}"
EndProject
Global
	GlobalSection(SolutionConfigurationPlatforms) = preSolution
		Debug|Any CPU = Debug|Any CPU
		Release|Any CPU = Release|Any CPU
	EndGlobalSection
	GlobalSection(ProjectConfigurationPlatforms) = postSolution
		{C43009BA-CD22-4EA5-A873-F87CA2A65F2A}.Debug|Any CPU.ActiveCfg = Debug|Any CPU
		{C43009BA-CD22-4EA5-A873-F87CA2A65F2A}.Debug|Any CPU.Build.0 = Debug|Any CPU
		{C43009BA-CD22-4EA5-A873-F87CA2A65F2A}.Release|Any CPU.ActiveCfg = Release|Any CPU
		{C43009BA-CD22-4EA5-A873-F87CA2A65F2A}.Release|Any CPU.Build.0 = Release|Any CPU
		{7F43ACC6-307B-4BE3-A135-7B071EF07FD4}.Debug|Any CPU.ActiveCfg = Debug
		{7F43ACC6-307B-4BE3-A135-7B071EF07FD4}.Release|Any CPU.ActiveCfg = Release
	EndGlobalSection
	GlobalSection(SolutionProperties) = preSolution
		HideSolutionNode = FALSE
	EndGlobalSection
	GlobalSection(ExtensibilityGlobals) = postSolution
		SolutionGuid = {6B758FA8-B26F-4D88-B242-BCCFACDC3559}
	EndGlobalSection
EndGlobal
